
Microsoft Visual Studio Solution File, Format Version 12.00
# Visual Studio Version 16
VisualStudioVersion = 16.0.29009.5
MinimumVisualStudioVersion = 10.0.40219.1
Project("{FAE04EC0-301F-11D3-BF4B-00C04F79EFBC}") = "Bank", "Bank\Bank.csproj", "{AF739B35-0E88-437A-AF6B-8848D7DEC8A4}"
EndProject
Global
	GlobalSection(SolutionConfigurationPlatforms) = preSolution
		Debug|Any CPU = Debug|Any CPU
		Release|Any CPU = Release|Any CPU
	EndGlobalSection
	GlobalSection(ProjectConfigurationPlatforms) = postSolution
		{AF739B35-0E88-437A-AF6B-8848D7DEC8A4}.Debug|Any CPU.ActiveCfg = Debug|Any CPU
		{AF739B35-0E88-437A-AF6B-8848D7DEC8A4}.Debug|Any CPU.Build.0 = Debug|Any CPU
		{AF739B35-0E88-437A-AF6B-8848D7DEC8A4}.Release|Any CPU.ActiveCfg = Release|Any CPU
		{AF739B35-0E88-437A-AF6B-8848D7DEC8A4}.Release|Any CPU.Build.0 = Release|Any CPU
	EndGlobalSection
	GlobalSection(SolutionProperties) = preSolution
		HideSolutionNode = FALSE
	EndGlobalSection
	GlobalSection(ExtensibilityGlobals) = postSolution
		SolutionGuid = {567BF4BB-B670-4887-83F0-9E1DDDE89AF1}
	EndGlobalSection
EndGlobal
